
Microsoft Visual Studio Solution File, Format Version 12.00
# Visual Studio 15
VisualStudioVersion = 15.0.27130.2010
MinimumVisualStudioVersion = 10.0.40219.1
Project("{FAE04EC0-301F-11D3-BF4B-00C04F79EFBC}") = "DataCapturer", "DataCapturer\DataCapturer.csproj", "{D34A9519-F746-42E9-AAE5-8E1165F78793}"
EndProject
Project("{FAE04EC0-301F-11D3-BF4B-00C04F79EFBC}") = "MetroFramework", "..\..\..\GoogleDrive\CSharp\MetroFramework\MetroFramework\MetroFramework.csproj", "{BB41AC8B-CBED-4387-A7E0-4567EDB3F57F}"
EndProject
Project("{FAE04EC0-301F-11D3-BF4B-00C04F79EFBC}") = "MyLibrary", "..\..\..\GoogleDrive\CSharp\MyLibrary\MyLibrary\MyLibrary.csproj", "{AA4B8910-6E55-4F05-8037-0EE24933F1B5}"
EndProject
Project("{FAE04EC0-301F-11D3-BF4B-00C04F79EFBC}") = "Test", "Test\Test.csproj", "{D06C84D1-4D50-4E3F-9C8D-2B835D28DAAD}"
EndProject
Global
	GlobalSection(SolutionConfigurationPlatforms) = preSolution
		Debug|Any CPU = Debug|Any CPU
		Release|Any CPU = Release|Any CPU
	EndGlobalSection
	GlobalSection(ProjectConfigurationPlatforms) = postSolution
		{D34A9519-F746-42E9-AAE5-8E1165F78793}.Debug|Any CPU.ActiveCfg = Debug|Any CPU
		{D34A9519-F746-42E9-AAE5-8E1165F78793}.Debug|Any CPU.Build.0 = Debug|Any CPU
		{D34A9519-F746-42E9-AAE5-8E1165F78793}.Release|Any CPU.ActiveCfg = Release|Any CPU
		{D34A9519-F746-42E9-AAE5-8E1165F78793}.Release|Any CPU.Build.0 = Release|Any CPU
		{BB41AC8B-CBED-4387-A7E0-4567EDB3F57F}.Debug|Any CPU.ActiveCfg = Debug|Any CPU
		{BB41AC8B-CBED-4387-A7E0-4567EDB3F57F}.Debug|Any CPU.Build.0 = Debug|Any CPU
		{BB41AC8B-CBED-4387-A7E0-4567EDB3F57F}.Release|Any CPU.ActiveCfg = Release|Any CPU
		{BB41AC8B-CBED-4387-A7E0-4567EDB3F57F}.Release|Any CPU.Build.0 = Release|Any CPU
		{AA4B8910-6E55-4F05-8037-0EE24933F1B5}.Debug|Any CPU.ActiveCfg = Debug|Any CPU
		{AA4B8910-6E55-4F05-8037-0EE24933F1B5}.Debug|Any CPU.Build.0 = Debug|Any CPU
		{AA4B8910-6E55-4F05-8037-0EE24933F1B5}.Release|Any CPU.ActiveCfg = Release|Any CPU
		{AA4B8910-6E55-4F05-8037-0EE24933F1B5}.Release|Any CPU.Build.0 = Release|Any CPU
		{D06C84D1-4D50-4E3F-9C8D-2B835D28DAAD}.Debug|Any CPU.ActiveCfg = Debug|Any CPU
		{D06C84D1-4D50-4E3F-9C8D-2B835D28DAAD}.Debug|Any CPU.Build.0 = Debug|Any CPU
		{D06C84D1-4D50-4E3F-9C8D-2B835D28DAAD}.Release|Any CPU.ActiveCfg = Release|Any CPU
		{D06C84D1-4D50-4E3F-9C8D-2B835D28DAAD}.Release|Any CPU.Build.0 = Release|Any CPU
	EndGlobalSection
	GlobalSection(SolutionProperties) = preSolution
		HideSolutionNode = FALSE
	EndGlobalSection
	GlobalSection(ExtensibilityGlobals) = postSolution
		SolutionGuid = {8D372F4F-6720-49EF-956A-31BAEAC70B57}
	EndGlobalSection
EndGlobal
