
Microsoft Visual Studio Solution File, Format Version 12.00
# Visual Studio Version 16
VisualStudioVersion = 16.0.30104.148
MinimumVisualStudioVersion = 10.0.40219.1
Project("{9A19103F-16F7-4668-BE54-9A1E7A4F7556}") = "PlotDigitizer.Core", "PlotDigitizer.Core\PlotDigitizer.Core.csproj", "{48AAAFF1-5F88-46F3-8D1B-9840E4562C16}"
EndProject
Project("{9A19103F-16F7-4668-BE54-9A1E7A4F7556}") = "PlotDigitizer.App", "PlotDigitizer.App\PlotDigitizer.App.csproj", "{5B93E319-ED7E-4474-9B72-3B3D2F701BE9}"
EndProject
Global
	GlobalSection(SolutionConfigurationPlatforms) = preSolution
		Debug|Any CPU = Debug|Any CPU
		Debug|x64 = Debug|x64
		Release|Any CPU = Release|Any CPU
		Release|x64 = Release|x64
	EndGlobalSection
	GlobalSection(ProjectConfigurationPlatforms) = postSolution
		{48AAAFF1-5F88-46F3-8D1B-9840E4562C16}.Debug|Any CPU.ActiveCfg = Debug|Any CPU
		{48AAAFF1-5F88-46F3-8D1B-9840E4562C16}.Debug|Any CPU.Build.0 = Debug|Any CPU
		{48AAAFF1-5F88-46F3-8D1B-9840E4562C16}.Debug|x64.ActiveCfg = Debug|Any CPU
		{48AAAFF1-5F88-46F3-8D1B-9840E4562C16}.Debug|x64.Build.0 = Debug|Any CPU
		{48AAAFF1-5F88-46F3-8D1B-9840E4562C16}.Release|Any CPU.ActiveCfg = Release|Any CPU
		{48AAAFF1-5F88-46F3-8D1B-9840E4562C16}.Release|Any CPU.Build.0 = Release|Any CPU
		{48AAAFF1-5F88-46F3-8D1B-9840E4562C16}.Release|x64.ActiveCfg = Release|Any CPU
		{48AAAFF1-5F88-46F3-8D1B-9840E4562C16}.Release|x64.Build.0 = Release|Any CPU
		{5B93E319-ED7E-4474-9B72-3B3D2F701BE9}.Debug|Any CPU.ActiveCfg = Debug|Any CPU
		{5B93E319-ED7E-4474-9B72-3B3D2F701BE9}.Debug|Any CPU.Build.0 = Debug|Any CPU
		{5B93E319-ED7E-4474-9B72-3B3D2F701BE9}.Debug|x64.ActiveCfg = Debug|Any CPU
		{5B93E319-ED7E-4474-9B72-3B3D2F701BE9}.Debug|x64.Build.0 = Debug|Any CPU
		{5B93E319-ED7E-4474-9B72-3B3D2F701BE9}.Release|Any CPU.ActiveCfg = Release|Any CPU
		{5B93E319-ED7E-4474-9B72-3B3D2F701BE9}.Release|Any CPU.Build.0 = Release|Any CPU
		{5B93E319-ED7E-4474-9B72-3B3D2F701BE9}.Release|x64.ActiveCfg = Release|Any CPU
		{5B93E319-ED7E-4474-9B72-3B3D2F701BE9}.Release|x64.Build.0 = Release|Any CPU
	EndGlobalSection
	GlobalSection(SolutionProperties) = preSolution
		HideSolutionNode = FALSE
	EndGlobalSection
	GlobalSection(ExtensibilityGlobals) = postSolution
		SolutionGuid = {5F5902C0-D623-4647-985B-5D2C75CB66AB}
	EndGlobalSection
EndGlobal
