
Microsoft Visual Studio Solution File, Format Version 12.00
# Visual Studio Version 16
VisualStudioVersion = 16.0.30104.148
MinimumVisualStudioVersion = 10.0.40219.1
Project("{9A19103F-16F7-4668-BE54-9A1E7A4F7556}") = "PlotDigitizer.Core", "PlotDigitizer.Core\PlotDigitizer.Core.csproj", "{48AAAFF1-5F88-46F3-8D1B-9840E4562C16}"
EndProject
Project("{9A19103F-16F7-4668-BE54-9A1E7A4F7556}") = "PlotDigitizer.App", "PlotDigitizer.App\PlotDigitizer.App.csproj", "{5B93E319-ED7E-4474-9B72-3B3D2F701BE9}"
EndProject
Project("{9A19103F-16F7-4668-BE54-9A1E7A4F7556}") = "TestApp", "TestApp\TestApp.csproj", "{AB8C239C-00DD-429B-B4C4-1278827053E7}"
EndProject
Project("{9A19103F-16F7-4668-BE54-9A1E7A4F7556}") = "PlotDigitizer.CLI", "PlotDigitizer.CLI\PlotDigitizer.CLI.csproj", "{B4628CD7-0E61-4EEE-88A8-C2D9B9D8210C}"
EndProject
Project("{9A19103F-16F7-4668-BE54-9A1E7A4F7556}") = "PlotDigitizer.Test", "PlotDigitizer.Test\PlotDigitizer.Test.csproj", "{C963BD18-199B-4F62-BA9D-D2BDA2C66317}"
EndProject
Project("{FAE04EC0-301F-11D3-BF4B-00C04F79EFBC}") = "PlotDigitizer.Web", "PlotDigitizer.Web\PlotDigitizer.Web.csproj", "{B9E1F89B-F2E6-4AD8-BF2D-EAE4630274EF}"
EndProject
Global
	GlobalSection(SolutionConfigurationPlatforms) = preSolution
		Debug|Any CPU = Debug|Any CPU
		Debug|x64 = Debug|x64
		Release|Any CPU = Release|Any CPU
		Release|x64 = Release|x64
	EndGlobalSection
	GlobalSection(ProjectConfigurationPlatforms) = postSolution
		{48AAAFF1-5F88-46F3-8D1B-9840E4562C16}.Debug|Any CPU.ActiveCfg = Debug|Any CPU
		{48AAAFF1-5F88-46F3-8D1B-9840E4562C16}.Debug|Any CPU.Build.0 = Debug|Any CPU
		{48AAAFF1-5F88-46F3-8D1B-9840E4562C16}.Debug|x64.ActiveCfg = Debug|Any CPU
		{48AAAFF1-5F88-46F3-8D1B-9840E4562C16}.Debug|x64.Build.0 = Debug|Any CPU
		{48AAAFF1-5F88-46F3-8D1B-9840E4562C16}.Release|Any CPU.ActiveCfg = Release|Any CPU
		{48AAAFF1-5F88-46F3-8D1B-9840E4562C16}.Release|Any CPU.Build.0 = Release|Any CPU
		{48AAAFF1-5F88-46F3-8D1B-9840E4562C16}.Release|x64.ActiveCfg = Release|Any CPU
		{48AAAFF1-5F88-46F3-8D1B-9840E4562C16}.Release|x64.Build.0 = Release|Any CPU
		{5B93E319-ED7E-4474-9B72-3B3D2F701BE9}.Debug|Any CPU.ActiveCfg = Debug|Any CPU
		{5B93E319-ED7E-4474-9B72-3B3D2F701BE9}.Debug|Any CPU.Build.0 = Debug|Any CPU
		{5B93E319-ED7E-4474-9B72-3B3D2F701BE9}.Debug|x64.ActiveCfg = Debug|Any CPU
		{5B93E319-ED7E-4474-9B72-3B3D2F701BE9}.Debug|x64.Build.0 = Debug|Any CPU
		{5B93E319-ED7E-4474-9B72-3B3D2F701BE9}.Release|Any CPU.ActiveCfg = Release|Any CPU
		{5B93E319-ED7E-4474-9B72-3B3D2F701BE9}.Release|Any CPU.Build.0 = Release|Any CPU
		{5B93E319-ED7E-4474-9B72-3B3D2F701BE9}.Release|x64.ActiveCfg = Release|Any CPU
		{5B93E319-ED7E-4474-9B72-3B3D2F701BE9}.Release|x64.Build.0 = Release|Any CPU
		{AB8C239C-00DD-429B-B4C4-1278827053E7}.Debug|Any CPU.ActiveCfg = Debug|Any CPU
		{AB8C239C-00DD-429B-B4C4-1278827053E7}.Debug|Any CPU.Build.0 = Debug|Any CPU
		{AB8C239C-00DD-429B-B4C4-1278827053E7}.Debug|x64.ActiveCfg = Debug|Any CPU
		{AB8C239C-00DD-429B-B4C4-1278827053E7}.Debug|x64.Build.0 = Debug|Any CPU
		{AB8C239C-00DD-429B-B4C4-1278827053E7}.Release|Any CPU.ActiveCfg = Release|Any CPU
		{AB8C239C-00DD-429B-B4C4-1278827053E7}.Release|Any CPU.Build.0 = Release|Any CPU
		{AB8C239C-00DD-429B-B4C4-1278827053E7}.Release|x64.ActiveCfg = Release|Any CPU
		{AB8C239C-00DD-429B-B4C4-1278827053E7}.Release|x64.Build.0 = Release|Any CPU
		{B4628CD7-0E61-4EEE-88A8-C2D9B9D8210C}.Debug|Any CPU.ActiveCfg = Debug|Any CPU
		{B4628CD7-0E61-4EEE-88A8-C2D9B9D8210C}.Debug|Any CPU.Build.0 = Debug|Any CPU
		{B4628CD7-0E61-4EEE-88A8-C2D9B9D8210C}.Debug|x64.ActiveCfg = Debug|Any CPU
		{B4628CD7-0E61-4EEE-88A8-C2D9B9D8210C}.Debug|x64.Build.0 = Debug|Any CPU
		{B4628CD7-0E61-4EEE-88A8-C2D9B9D8210C}.Release|Any CPU.ActiveCfg = Release|Any CPU
		{B4628CD7-0E61-4EEE-88A8-C2D9B9D8210C}.Release|Any CPU.Build.0 = Release|Any CPU
		{B4628CD7-0E61-4EEE-88A8-C2D9B9D8210C}.Release|x64.ActiveCfg = Release|Any CPU
		{B4628CD7-0E61-4EEE-88A8-C2D9B9D8210C}.Release|x64.Build.0 = Release|Any CPU
		{C963BD18-199B-4F62-BA9D-D2BDA2C66317}.Debug|Any CPU.ActiveCfg = Debug|Any CPU
		{C963BD18-199B-4F62-BA9D-D2BDA2C66317}.Debug|Any CPU.Build.0 = Debug|Any CPU
		{C963BD18-199B-4F62-BA9D-D2BDA2C66317}.Debug|x64.ActiveCfg = Debug|Any CPU
		{C963BD18-199B-4F62-BA9D-D2BDA2C66317}.Debug|x64.Build.0 = Debug|Any CPU
		{C963BD18-199B-4F62-BA9D-D2BDA2C66317}.Release|Any CPU.ActiveCfg = Release|Any CPU
		{C963BD18-199B-4F62-BA9D-D2BDA2C66317}.Release|Any CPU.Build.0 = Release|Any CPU
		{C963BD18-199B-4F62-BA9D-D2BDA2C66317}.Release|x64.ActiveCfg = Release|Any CPU
		{C963BD18-199B-4F62-BA9D-D2BDA2C66317}.Release|x64.Build.0 = Release|Any CPU
		{B9E1F89B-F2E6-4AD8-BF2D-EAE4630274EF}.Debug|Any CPU.ActiveCfg = Debug|Any CPU
		{B9E1F89B-F2E6-4AD8-BF2D-EAE4630274EF}.Debug|Any CPU.Build.0 = Debug|Any CPU
		{B9E1F89B-F2E6-4AD8-BF2D-EAE4630274EF}.Debug|x64.ActiveCfg = Debug|Any CPU
		{B9E1F89B-F2E6-4AD8-BF2D-EAE4630274EF}.Debug|x64.Build.0 = Debug|Any CPU
		{B9E1F89B-F2E6-4AD8-BF2D-EAE4630274EF}.Release|Any CPU.ActiveCfg = Release|Any CPU
		{B9E1F89B-F2E6-4AD8-BF2D-EAE4630274EF}.Release|Any CPU.Build.0 = Release|Any CPU
		{B9E1F89B-F2E6-4AD8-BF2D-EAE4630274EF}.Release|x64.ActiveCfg = Release|Any CPU
		{B9E1F89B-F2E6-4AD8-BF2D-EAE4630274EF}.Release|x64.Build.0 = Release|Any CPU
	EndGlobalSection
	GlobalSection(SolutionProperties) = preSolution
		HideSolutionNode = FALSE
	EndGlobalSection
	GlobalSection(ExtensibilityGlobals) = postSolution
		SolutionGuid = {5F5902C0-D623-4647-985B-5D2C75CB66AB}
	EndGlobalSection
EndGlobal
