
Microsoft Visual Studio Solution File, Format Version 12.00
# Visual Studio 15
VisualStudioVersion = 15.0.28010.2016
MinimumVisualStudioVersion = 10.0.40219.1
Project("{FAE04EC0-301F-11D3-BF4B-00C04F79EFBC}") = "WpfPlotDigitizer", "WpfPlotDigitizer\WpfPlotDigitizer.csproj", "{81747536-ADC6-4893-A248-7039A67C52D9}"
EndProject
Project("{FAE04EC0-301F-11D3-BF4B-00C04F79EFBC}") = "CycWpfLibrary", "..\CycWpfLibrary\CycWpfLibrary\CycWpfLibrary.csproj", "{DC9B1571-60B9-48D4-A147-24820D8E895B}"
EndProject
Project("{FAE04EC0-301F-11D3-BF4B-00C04F79EFBC}") = "WpfPlotDigitizerTests", "WpfPlotDigitizerTests\WpfPlotDigitizerTests.csproj", "{F1C95353-AD74-4AA1-B0A1-0563D90392E8}"
EndProject
Global
	GlobalSection(SolutionConfigurationPlatforms) = preSolution
		Debug|Any CPU = Debug|Any CPU
		Release|Any CPU = Release|Any CPU
	EndGlobalSection
	GlobalSection(ProjectConfigurationPlatforms) = postSolution
		{81747536-ADC6-4893-A248-7039A67C52D9}.Debug|Any CPU.ActiveCfg = Debug|Any CPU
		{81747536-ADC6-4893-A248-7039A67C52D9}.Debug|Any CPU.Build.0 = Debug|Any CPU
		{81747536-ADC6-4893-A248-7039A67C52D9}.Release|Any CPU.ActiveCfg = Release|Any CPU
		{81747536-ADC6-4893-A248-7039A67C52D9}.Release|Any CPU.Build.0 = Release|Any CPU
		{DC9B1571-60B9-48D4-A147-24820D8E895B}.Debug|Any CPU.ActiveCfg = Debug|Any CPU
		{DC9B1571-60B9-48D4-A147-24820D8E895B}.Debug|Any CPU.Build.0 = Debug|Any CPU
		{DC9B1571-60B9-48D4-A147-24820D8E895B}.Release|Any CPU.ActiveCfg = Release|Any CPU
		{DC9B1571-60B9-48D4-A147-24820D8E895B}.Release|Any CPU.Build.0 = Release|Any CPU
		{F1C95353-AD74-4AA1-B0A1-0563D90392E8}.Debug|Any CPU.ActiveCfg = Debug|Any CPU
		{F1C95353-AD74-4AA1-B0A1-0563D90392E8}.Debug|Any CPU.Build.0 = Debug|Any CPU
		{F1C95353-AD74-4AA1-B0A1-0563D90392E8}.Release|Any CPU.ActiveCfg = Release|Any CPU
		{F1C95353-AD74-4AA1-B0A1-0563D90392E8}.Release|Any CPU.Build.0 = Release|Any CPU
	EndGlobalSection
	GlobalSection(SolutionProperties) = preSolution
		HideSolutionNode = FALSE
	EndGlobalSection
	GlobalSection(ExtensibilityGlobals) = postSolution
		SolutionGuid = {72653E5E-58E9-4411-BD53-DEA5DACEDC0C}
	EndGlobalSection
EndGlobal
