
Microsoft Visual Studio Solution File, Format Version 12.00
# Visual Studio 15
VisualStudioVersion = 15.0.28010.2016
MinimumVisualStudioVersion = 10.0.40219.1
Project("{FAE04EC0-301F-11D3-BF4B-00C04F79EFBC}") = "WpfPlotDigitizer", "WpfPlotDigitizer\WpfPlotDigitizer.csproj", "{81747536-ADC6-4893-A248-7039A67C52D9}"
EndProject
Project("{FAE04EC0-301F-11D3-BF4B-00C04F79EFBC}") = "CycWpfLibrary", "..\CycWpfLibrary\CycWpfLibrary\CycWpfLibrary.csproj", "{DC9B1571-60B9-48D4-A147-24820D8E895B}"
EndProject
Project("{FAE04EC0-301F-11D3-BF4B-00C04F79EFBC}") = "WpfPlotDigitizerTests", "WpfPlotDigitizerTests\WpfPlotDigitizerTests.csproj", "{F1C95353-AD74-4AA1-B0A1-0563D90392E8}"
EndProject
Project("{FAE04EC0-301F-11D3-BF4B-00C04F79EFBC}") = "OcrTester", "OcrTester\OcrTester.csproj", "{2592D4E4-24F8-41CE-B5B8-386C725CBFDD}"
EndProject
Project("{FAE04EC0-301F-11D3-BF4B-00C04F79EFBC}") = "CycWpfLibraryTests", "..\CycWpfLibrary\CycWpfLibraryTests\CycWpfLibraryTests.csproj", "{E14630FC-5D4F-404D-98AE-4A7FD8D579A7}"
EndProject
Project("{FAE04EC0-301F-11D3-BF4B-00C04F79EFBC}") = "BindingTester", "BindingTester\BindingTester.csproj", "{E69C2138-BF01-4A45-ADB6-FED71A2B92D6}"
EndProject
Global
	GlobalSection(SolutionConfigurationPlatforms) = preSolution
		Debug|Any CPU = Debug|Any CPU
		Release|Any CPU = Release|Any CPU
	EndGlobalSection
	GlobalSection(ProjectConfigurationPlatforms) = postSolution
		{81747536-ADC6-4893-A248-7039A67C52D9}.Debug|Any CPU.ActiveCfg = Debug|Any CPU
		{81747536-ADC6-4893-A248-7039A67C52D9}.Debug|Any CPU.Build.0 = Debug|Any CPU
		{81747536-ADC6-4893-A248-7039A67C52D9}.Release|Any CPU.ActiveCfg = Release|Any CPU
		{81747536-ADC6-4893-A248-7039A67C52D9}.Release|Any CPU.Build.0 = Release|Any CPU
		{DC9B1571-60B9-48D4-A147-24820D8E895B}.Debug|Any CPU.ActiveCfg = Debug|Any CPU
		{DC9B1571-60B9-48D4-A147-24820D8E895B}.Debug|Any CPU.Build.0 = Debug|Any CPU
		{DC9B1571-60B9-48D4-A147-24820D8E895B}.Release|Any CPU.ActiveCfg = Release|Any CPU
		{DC9B1571-60B9-48D4-A147-24820D8E895B}.Release|Any CPU.Build.0 = Release|Any CPU
		{F1C95353-AD74-4AA1-B0A1-0563D90392E8}.Debug|Any CPU.ActiveCfg = Debug|Any CPU
		{F1C95353-AD74-4AA1-B0A1-0563D90392E8}.Debug|Any CPU.Build.0 = Debug|Any CPU
		{F1C95353-AD74-4AA1-B0A1-0563D90392E8}.Release|Any CPU.ActiveCfg = Release|Any CPU
		{F1C95353-AD74-4AA1-B0A1-0563D90392E8}.Release|Any CPU.Build.0 = Release|Any CPU
		{2592D4E4-24F8-41CE-B5B8-386C725CBFDD}.Debug|Any CPU.ActiveCfg = Debug|Any CPU
		{2592D4E4-24F8-41CE-B5B8-386C725CBFDD}.Debug|Any CPU.Build.0 = Debug|Any CPU
		{2592D4E4-24F8-41CE-B5B8-386C725CBFDD}.Release|Any CPU.ActiveCfg = Release|Any CPU
		{2592D4E4-24F8-41CE-B5B8-386C725CBFDD}.Release|Any CPU.Build.0 = Release|Any CPU
		{E14630FC-5D4F-404D-98AE-4A7FD8D579A7}.Debug|Any CPU.ActiveCfg = Debug|Any CPU
		{E14630FC-5D4F-404D-98AE-4A7FD8D579A7}.Debug|Any CPU.Build.0 = Debug|Any CPU
		{E14630FC-5D4F-404D-98AE-4A7FD8D579A7}.Release|Any CPU.ActiveCfg = Release|Any CPU
		{E14630FC-5D4F-404D-98AE-4A7FD8D579A7}.Release|Any CPU.Build.0 = Release|Any CPU
		{E69C2138-BF01-4A45-ADB6-FED71A2B92D6}.Debug|Any CPU.ActiveCfg = Debug|Any CPU
		{E69C2138-BF01-4A45-ADB6-FED71A2B92D6}.Debug|Any CPU.Build.0 = Debug|Any CPU
		{E69C2138-BF01-4A45-ADB6-FED71A2B92D6}.Release|Any CPU.ActiveCfg = Release|Any CPU
		{E69C2138-BF01-4A45-ADB6-FED71A2B92D6}.Release|Any CPU.Build.0 = Release|Any CPU
	EndGlobalSection
	GlobalSection(SolutionProperties) = preSolution
		HideSolutionNode = FALSE
	EndGlobalSection
	GlobalSection(ExtensibilityGlobals) = postSolution
		SolutionGuid = {72653E5E-58E9-4411-BD53-DEA5DACEDC0C}
	EndGlobalSection
EndGlobal
