
Microsoft Visual Studio Solution File, Format Version 12.00
# Visual Studio 15
VisualStudioVersion = 15.0.28010.2016
MinimumVisualStudioVersion = 10.0.40219.1
Project("{FAE04EC0-301F-11D3-BF4B-00C04F79EFBC}") = "WpfPlotDigitizer", "WpfPlotDigitizer\WpfPlotDigitizer.csproj", "{81747536-ADC6-4893-A248-7039A67C52D9}"
EndProject
Project("{FAE04EC0-301F-11D3-BF4B-00C04F79EFBC}") = "CycWpfLibrary", "..\CycWpfLibrary\CycWpfLibrary\CycWpfLibrary.csproj", "{DC9B1571-60B9-48D4-A147-24820D8E895B}"
EndProject
Project("{FAE04EC0-301F-11D3-BF4B-00C04F79EFBC}") = "WpfPlotDigitizerTests", "WpfPlotDigitizerTests\WpfPlotDigitizerTests.csproj", "{F1C95353-AD74-4AA1-B0A1-0563D90392E8}"
EndProject
Project("{FAE04EC0-301F-11D3-BF4B-00C04F79EFBC}") = "CycWpfLibraryTests", "..\CycWpfLibrary\CycWpfLibraryTests\CycWpfLibraryTests.csproj", "{E14630FC-5D4F-404D-98AE-4A7FD8D579A7}"
EndProject
Project("{FAE04EC0-301F-11D3-BF4B-00C04F79EFBC}") = "CycWpfLibrary.CustomControls", "..\CycWpfLibrary\CycWpfLibrary.CustomControls\CycWpfLibrary.CustomControls.csproj", "{1B0190C8-083C-4C23-9862-66C520641264}"
EndProject
Project("{FAE04EC0-301F-11D3-BF4B-00C04F79EFBC}") = "CycWpfLibrary.UserControls", "..\CycWpfLibrary\CycWpfLibrary.UserControls\CycWpfLibrary.UserControls.csproj", "{7AA8FE4A-4554-4B43-B9B5-38EDC992DB09}"
EndProject
Project("{FAE04EC0-301F-11D3-BF4B-00C04F79EFBC}") = "CycWpfLibrary.Resources", "..\CycWpfLibrary\CycWpfLibrary.Resources\CycWpfLibrary.Resources.csproj", "{482D004F-7715-41E1-9D47-B00E8D7C9ACC}"
EndProject
Project("{FAE04EC0-301F-11D3-BF4B-00C04F79EFBC}") = "OxyPlot.Wpf_NET40", "..\..\..\source\repos\oxyplot\Source\OxyPlot.Wpf\OxyPlot.Wpf_NET40.csproj", "{0D7C7710-C58B-4713-BA18-8231A2F35A12}"
EndProject
Project("{FAE04EC0-301F-11D3-BF4B-00C04F79EFBC}") = "OxyPlot", "..\..\..\source\repos\oxyplot\Source\OxyPlot\OxyPlot.csproj", "{7A0B35C0-DD17-4964-8E9A-44D6CECDC692}"
EndProject
Project("{D954291E-2A0B-460D-934E-DC6B0785DB48}") = "SharedProject1", "SharedProject1\SharedProject1.shproj", "{3B641A78-B0B5-4F96-AACF-72191E28A7DD}"
EndProject
Global
	GlobalSection(SharedMSBuildProjectFiles) = preSolution
		SharedProject1\SharedProject1.projitems*{3b641a78-b0b5-4f96-aacf-72191e28a7dd}*SharedItemsImports = 13
		SharedProject1\SharedProject1.projitems*{81747536-adc6-4893-a248-7039a67c52d9}*SharedItemsImports = 4
	EndGlobalSection
	GlobalSection(SolutionConfigurationPlatforms) = preSolution
		Debug|Any CPU = Debug|Any CPU
		Debug|x86 = Debug|x86
		Release|Any CPU = Release|Any CPU
		Release|x86 = Release|x86
	EndGlobalSection
	GlobalSection(ProjectConfigurationPlatforms) = postSolution
		{81747536-ADC6-4893-A248-7039A67C52D9}.Debug|Any CPU.ActiveCfg = Debug|Any CPU
		{81747536-ADC6-4893-A248-7039A67C52D9}.Debug|Any CPU.Build.0 = Debug|Any CPU
		{81747536-ADC6-4893-A248-7039A67C52D9}.Debug|x86.ActiveCfg = Debug|Any CPU
		{81747536-ADC6-4893-A248-7039A67C52D9}.Debug|x86.Build.0 = Debug|Any CPU
		{81747536-ADC6-4893-A248-7039A67C52D9}.Release|Any CPU.ActiveCfg = Release|Any CPU
		{81747536-ADC6-4893-A248-7039A67C52D9}.Release|Any CPU.Build.0 = Release|Any CPU
		{81747536-ADC6-4893-A248-7039A67C52D9}.Release|x86.ActiveCfg = Release|Any CPU
		{81747536-ADC6-4893-A248-7039A67C52D9}.Release|x86.Build.0 = Release|Any CPU
		{DC9B1571-60B9-48D4-A147-24820D8E895B}.Debug|Any CPU.ActiveCfg = Debug|Any CPU
		{DC9B1571-60B9-48D4-A147-24820D8E895B}.Debug|Any CPU.Build.0 = Debug|Any CPU
		{DC9B1571-60B9-48D4-A147-24820D8E895B}.Debug|x86.ActiveCfg = Debug|Any CPU
		{DC9B1571-60B9-48D4-A147-24820D8E895B}.Debug|x86.Build.0 = Debug|Any CPU
		{DC9B1571-60B9-48D4-A147-24820D8E895B}.Release|Any CPU.ActiveCfg = Release|Any CPU
		{DC9B1571-60B9-48D4-A147-24820D8E895B}.Release|Any CPU.Build.0 = Release|Any CPU
		{DC9B1571-60B9-48D4-A147-24820D8E895B}.Release|x86.ActiveCfg = Release|Any CPU
		{DC9B1571-60B9-48D4-A147-24820D8E895B}.Release|x86.Build.0 = Release|Any CPU
		{F1C95353-AD74-4AA1-B0A1-0563D90392E8}.Debug|Any CPU.ActiveCfg = Debug|Any CPU
		{F1C95353-AD74-4AA1-B0A1-0563D90392E8}.Debug|Any CPU.Build.0 = Debug|Any CPU
		{F1C95353-AD74-4AA1-B0A1-0563D90392E8}.Debug|x86.ActiveCfg = Debug|Any CPU
		{F1C95353-AD74-4AA1-B0A1-0563D90392E8}.Debug|x86.Build.0 = Debug|Any CPU
		{F1C95353-AD74-4AA1-B0A1-0563D90392E8}.Release|Any CPU.ActiveCfg = Release|Any CPU
		{F1C95353-AD74-4AA1-B0A1-0563D90392E8}.Release|Any CPU.Build.0 = Release|Any CPU
		{F1C95353-AD74-4AA1-B0A1-0563D90392E8}.Release|x86.ActiveCfg = Release|Any CPU
		{F1C95353-AD74-4AA1-B0A1-0563D90392E8}.Release|x86.Build.0 = Release|Any CPU
		{E14630FC-5D4F-404D-98AE-4A7FD8D579A7}.Debug|Any CPU.ActiveCfg = Debug|Any CPU
		{E14630FC-5D4F-404D-98AE-4A7FD8D579A7}.Debug|Any CPU.Build.0 = Debug|Any CPU
		{E14630FC-5D4F-404D-98AE-4A7FD8D579A7}.Debug|x86.ActiveCfg = Debug|Any CPU
		{E14630FC-5D4F-404D-98AE-4A7FD8D579A7}.Debug|x86.Build.0 = Debug|Any CPU
		{E14630FC-5D4F-404D-98AE-4A7FD8D579A7}.Release|Any CPU.ActiveCfg = Release|Any CPU
		{E14630FC-5D4F-404D-98AE-4A7FD8D579A7}.Release|Any CPU.Build.0 = Release|Any CPU
		{E14630FC-5D4F-404D-98AE-4A7FD8D579A7}.Release|x86.ActiveCfg = Release|Any CPU
		{E14630FC-5D4F-404D-98AE-4A7FD8D579A7}.Release|x86.Build.0 = Release|Any CPU
		{1B0190C8-083C-4C23-9862-66C520641264}.Debug|Any CPU.ActiveCfg = Debug|Any CPU
		{1B0190C8-083C-4C23-9862-66C520641264}.Debug|Any CPU.Build.0 = Debug|Any CPU
		{1B0190C8-083C-4C23-9862-66C520641264}.Debug|x86.ActiveCfg = Debug|Any CPU
		{1B0190C8-083C-4C23-9862-66C520641264}.Debug|x86.Build.0 = Debug|Any CPU
		{1B0190C8-083C-4C23-9862-66C520641264}.Release|Any CPU.ActiveCfg = Release|Any CPU
		{1B0190C8-083C-4C23-9862-66C520641264}.Release|Any CPU.Build.0 = Release|Any CPU
		{1B0190C8-083C-4C23-9862-66C520641264}.Release|x86.ActiveCfg = Release|Any CPU
		{1B0190C8-083C-4C23-9862-66C520641264}.Release|x86.Build.0 = Release|Any CPU
		{7AA8FE4A-4554-4B43-B9B5-38EDC992DB09}.Debug|Any CPU.ActiveCfg = Debug|Any CPU
		{7AA8FE4A-4554-4B43-B9B5-38EDC992DB09}.Debug|Any CPU.Build.0 = Debug|Any CPU
		{7AA8FE4A-4554-4B43-B9B5-38EDC992DB09}.Debug|x86.ActiveCfg = Debug|Any CPU
		{7AA8FE4A-4554-4B43-B9B5-38EDC992DB09}.Debug|x86.Build.0 = Debug|Any CPU
		{7AA8FE4A-4554-4B43-B9B5-38EDC992DB09}.Release|Any CPU.ActiveCfg = Release|Any CPU
		{7AA8FE4A-4554-4B43-B9B5-38EDC992DB09}.Release|Any CPU.Build.0 = Release|Any CPU
		{7AA8FE4A-4554-4B43-B9B5-38EDC992DB09}.Release|x86.ActiveCfg = Release|Any CPU
		{7AA8FE4A-4554-4B43-B9B5-38EDC992DB09}.Release|x86.Build.0 = Release|Any CPU
		{482D004F-7715-41E1-9D47-B00E8D7C9ACC}.Debug|Any CPU.ActiveCfg = Debug|Any CPU
		{482D004F-7715-41E1-9D47-B00E8D7C9ACC}.Debug|Any CPU.Build.0 = Debug|Any CPU
		{482D004F-7715-41E1-9D47-B00E8D7C9ACC}.Debug|x86.ActiveCfg = Debug|Any CPU
		{482D004F-7715-41E1-9D47-B00E8D7C9ACC}.Debug|x86.Build.0 = Debug|Any CPU
		{482D004F-7715-41E1-9D47-B00E8D7C9ACC}.Release|Any CPU.ActiveCfg = Release|Any CPU
		{482D004F-7715-41E1-9D47-B00E8D7C9ACC}.Release|Any CPU.Build.0 = Release|Any CPU
		{482D004F-7715-41E1-9D47-B00E8D7C9ACC}.Release|x86.ActiveCfg = Release|Any CPU
		{482D004F-7715-41E1-9D47-B00E8D7C9ACC}.Release|x86.Build.0 = Release|Any CPU
		{0D7C7710-C58B-4713-BA18-8231A2F35A12}.Debug|Any CPU.ActiveCfg = Debug|Any CPU
		{0D7C7710-C58B-4713-BA18-8231A2F35A12}.Debug|Any CPU.Build.0 = Debug|Any CPU
		{0D7C7710-C58B-4713-BA18-8231A2F35A12}.Debug|x86.ActiveCfg = Debug|Any CPU
		{0D7C7710-C58B-4713-BA18-8231A2F35A12}.Debug|x86.Build.0 = Debug|Any CPU
		{0D7C7710-C58B-4713-BA18-8231A2F35A12}.Release|Any CPU.ActiveCfg = Release|Any CPU
		{0D7C7710-C58B-4713-BA18-8231A2F35A12}.Release|Any CPU.Build.0 = Release|Any CPU
		{0D7C7710-C58B-4713-BA18-8231A2F35A12}.Release|x86.ActiveCfg = Release|Any CPU
		{0D7C7710-C58B-4713-BA18-8231A2F35A12}.Release|x86.Build.0 = Release|Any CPU
		{7A0B35C0-DD17-4964-8E9A-44D6CECDC692}.Debug|Any CPU.ActiveCfg = Debug|Any CPU
		{7A0B35C0-DD17-4964-8E9A-44D6CECDC692}.Debug|Any CPU.Build.0 = Debug|Any CPU
		{7A0B35C0-DD17-4964-8E9A-44D6CECDC692}.Debug|x86.ActiveCfg = Debug|Any CPU
		{7A0B35C0-DD17-4964-8E9A-44D6CECDC692}.Debug|x86.Build.0 = Debug|Any CPU
		{7A0B35C0-DD17-4964-8E9A-44D6CECDC692}.Release|Any CPU.ActiveCfg = Release|Any CPU
		{7A0B35C0-DD17-4964-8E9A-44D6CECDC692}.Release|Any CPU.Build.0 = Release|Any CPU
		{7A0B35C0-DD17-4964-8E9A-44D6CECDC692}.Release|x86.ActiveCfg = Release|Any CPU
		{7A0B35C0-DD17-4964-8E9A-44D6CECDC692}.Release|x86.Build.0 = Release|Any CPU
	EndGlobalSection
	GlobalSection(SolutionProperties) = preSolution
		HideSolutionNode = FALSE
	EndGlobalSection
	GlobalSection(ExtensibilityGlobals) = postSolution
		SolutionGuid = {72653E5E-58E9-4411-BD53-DEA5DACEDC0C}
	EndGlobalSection
EndGlobal
